
Microsoft Visual Studio Solution File, Format Version 12.00
# Visual Studio Version 17
VisualStudioVersion = 17.0.31903.59
MinimumVisualStudioVersion = 10.0.40219.1
Project("{FAE04EC0-301F-11D3-BF4B-00C04F79EFBC}") = "Nolvus.Api.Installer", "Nolvus.Api.Library.Installer\Nolvus.Api.Installer.csproj", "{764BEFCF-574A-41A6-A408-BA57CFCF1386}"
EndProject
Project("{FAE04EC0-301F-11D3-BF4B-00C04F79EFBC}") = "Nolvus.Browser", "Nolvus.Browser\Nolvus.Browser.csproj", "{AE528F38-812D-4E9D-9E77-599AE094ACF8}"
	ProjectSection(ProjectDependencies) = postProject
		{764BEFCF-574A-41A6-A408-BA57CFCF1386} = {764BEFCF-574A-41A6-A408-BA57CFCF1386} #Browser requires Installer
		{4362C36C-314C-46FB-96BC-77993820EE89} = {4362C36C-314C-46FB-96BC-77993820EE89} #Browser requires Core
	EndProjectSection
EndProject
Project("{FAE04EC0-301F-11D3-BF4B-00C04F79EFBC}") = "Nolvus.Components", "Nolvus.Components\Nolvus.Components.csproj", "{46D101AC-4DCB-41ED-96AD-BB672DF1DACB}"
	ProjectSection(ProjectDependencies) = postProject
		{4362C36C-314C-46FB-96BC-77993820EE89} = {4362C36C-314C-46FB-96BC-77993820EE89} #Components requires Core
	EndProjectSection
EndProject
Project("{FAE04EC0-301F-11D3-BF4B-00C04F79EFBC}") = "Nolvus.Core", "Nolvus.Core\Nolvus.Core.csproj", "{4362C36C-314C-46FB-96BC-77993820EE89}"
	ProjectSection(ProjectDependencies) = postProject
		{764BEFCF-574A-41A6-A408-BA57CFCF1386} = {764BEFCF-574A-41A6-A408-BA57CFCF1386} #Core requires Installer
	EndProjectSection
EndProject
Project("{FAE04EC0-301F-11D3-BF4B-00C04F79EFBC}") = "Nolvus.Dashboard", "Nolvus.Dashboard\Nolvus.Dashboard.csproj", "{6949B736-0B02-4883-A533-FB6409CDAB3C}"
	ProjectSection(ProjectDependencies) = postProject
		{C0D87CE1-7528-416D-9921-05C0464831C3} = {C0D87CE1-7528-416D-9921-05C0464831C3} #Dashboard requires NexusApi
		{B7D55900-055B-4A7F-8AAC-570F97F8C47F} = {B7D55900-055B-4A7F-8AAC-570F97F8C47F} #Dashboard requires Services
		{764BEFCF-574A-41A6-A408-BA57CFCF1386} = {764BEFCF-574A-41A6-A408-BA57CFCF1386} #Dashboard requires Installer
		{985A238F-99B9-4528-85E3-8C16F981DD40} = {985A238F-99B9-4528-85E3-8C16F981DD40} #Dashboard requires Instance
		{AE528F38-812D-4E9D-9E77-599AE094ACF8} = {AE528F38-812D-4E9D-9E77-599AE094ACF8} #Dashboard requires Browser
		{7B526882-707A-4681-A600-6BEAD879271C} = {7B526882-707A-4681-A600-6BEAD879271C} #Dashboard requires Package
		{3BE27B72-FFBD-4381-A4D0-82F9665EEEDC} = {3BE27B72-FFBD-4381-A4D0-82F9665EEEDC} #Dashboard requires StockGame
		{46D101AC-4DCB-41ED-96AD-BB672DF1DACB} = {46D101AC-4DCB-41ED-96AD-BB672DF1DACB} #Dashboard requires Components
		{4362C36C-314C-46FB-96BC-77993820EE89} = {4362C36C-314C-46FB-96BC-77993820EE89} #Dashboard requires Core
	EndProjectSection
EndProject
Project("{FAE04EC0-301F-11D3-BF4B-00C04F79EFBC}") = "Nolvus.Downgrader", "Nolvus.Downgrader\Nolvus.Downgrader.csproj", "{6EFC23A3-EB15-46E5-93D6-141A75787860}"
	ProjectSection(ProjectDependencies) = postProject
		{B7D55900-055B-4A7F-8AAC-570F97F8C47F} = {B7D55900-055B-4A7F-8AAC-570F97F8C47F} #Downgrader requires Services
		{764BEFCF-574A-41A6-A408-BA57CFCF1386} = {764BEFCF-574A-41A6-A408-BA57CFCF1386} #Downgrader requires Installer
		{3BE27B72-FFBD-4381-A4D0-82F9665EEEDC} = {3BE27B72-FFBD-4381-A4D0-82F9665EEEDC} #Downgrader requires StockGame
		{4362C36C-314C-46FB-96BC-77993820EE89} = {4362C36C-314C-46FB-96BC-77993820EE89} #Downgrader requires Core
	EndProjectSection
EndProject
Project("{FAE04EC0-301F-11D3-BF4B-00C04F79EFBC}") = "Nolvus.GrassCache", "Nolvus.GrassCache\Nolvus.GrassCache.csproj", "{C06121E3-19F5-4A71-A26C-B4F4F3DEAA40}"
	ProjectSection(ProjectDependencies) = postProject
		{B7D55900-055B-4A7F-8AAC-570F97F8C47F} = {B7D55900-055B-4A7F-8AAC-570F97F8C47F} #GrassCache requires Services
		{46D101AC-4DCB-41ED-96AD-BB672DF1DACB} = {46D101AC-4DCB-41ED-96AD-BB672DF1DACB} #GrassCache requires Components
		{4362C36C-314C-46FB-96BC-77993820EE89} = {4362C36C-314C-46FB-96BC-77993820EE89} #GrassCache requires Core
	EndProjectSection
EndProject
Project("{FAE04EC0-301F-11D3-BF4B-00C04F79EFBC}") = "Nolvus.Instance", "Nolvus.Instance\Nolvus.Instance.csproj", "{985A238F-99B9-4528-85E3-8C16F981DD40}"
	ProjectSection(ProjectDependencies) = postProject
		{764BEFCF-574A-41A6-A408-BA57CFCF1386} = {764BEFCF-574A-41A6-A408-BA57CFCF1386} #Instace requires Installer
		{4362C36C-314C-46FB-96BC-77993820EE89} = {4362C36C-314C-46FB-96BC-77993820EE89} #Instance requires Core

	EndProjectSection
EndProject
Project("{FAE04EC0-301F-11D3-BF4B-00C04F79EFBC}") = "Nolvus.Launcher", "Nolvus.Launcher\Nolvus.Launcher.csproj", "{92B3ED5B-4E91-455F-BE5D-BAE2F2BD771C}"
EndProject
Project("{FAE04EC0-301F-11D3-BF4B-00C04F79EFBC}") = "Nolvus.NexusApi", "Nolvus.NexusApi\Nolvus.NexusApi.csproj", "{C0D87CE1-7528-416D-9921-05C0464831C3}"
	ProjectSection(ProjectDependencies) = postProject
		{4362C36C-314C-46FB-96BC-77993820EE89} = {4362C36C-314C-46FB-96BC-77993820EE89} #NexusApi requires Core
	EndProjectSection
EndProject
Project("{FAE04EC0-301F-11D3-BF4B-00C04F79EFBC}") = "Nolvus.Package", "Nolvus.Package\Nolvus.Package.csproj", "{7B526882-707A-4681-A600-6BEAD879271C}"
	ProjectSection(ProjectDependencies) = postProject
		{C0D87CE1-7528-416D-9921-05C0464831C3} = {C0D87CE1-7528-416D-9921-05C0464831C3} #Package requires NexusApi
		{764BEFCF-574A-41A6-A408-BA57CFCF1386} = {764BEFCF-574A-41A6-A408-BA57CFCF1386} #Package requires Installer
		{3BE27B72-FFBD-4381-A4D0-82F9665EEEDC} = {3BE27B72-FFBD-4381-A4D0-82F9665EEEDC} #Package requires StockGame
		{4362C36C-314C-46FB-96BC-77993820EE89} = {4362C36C-314C-46FB-96BC-77993820EE89} #Package requires Core
	EndProjectSection
EndProject
Project("{FAE04EC0-301F-11D3-BF4B-00C04F79EFBC}") = "Nolvus.Services", "Nolvus.Services\Nolvus.Services.csproj", "{B7D55900-055B-4A7F-8AAC-570F97F8C47F}"
	ProjectSection(ProjectDependencies) = postProject
		{4362C36C-314C-46FB-96BC-77993820EE89} = {4362C36C-314C-46FB-96BC-77993820EE89} #Services requires Core
	EndProjectSection
EndProject
Project("{FAE04EC0-301F-11D3-BF4B-00C04F79EFBC}") = "Nolvus.StockGame", "Nolvus.StockGame\Nolvus.StockGame.csproj", "{3BE27B72-FFBD-4381-A4D0-82F9665EEEDC}"
	ProjectSection(ProjectDependencies) = postProject
		{4362C36C-314C-46FB-96BC-77993820EE89} = {4362C36C-314C-46FB-96BC-77993820EE89} #StockGame requires Core
	EndProjectSection
EndProject
Project("{FAE04EC0-301F-11D3-BF4B-00C04F79EFBC}") = "Nolvus.Updater", "Nolvus.Updater\Nolvus.Updater.csproj", "{79FB7A1F-744F-4448-9480-C81279BD8FFB}"
	ProjectSection(ProjectDependencies) = postProject
		{B7D55900-055B-4A7F-8AAC-570F97F8C47F} = {B7D55900-055B-4A7F-8AAC-570F97F8C47F} #Updater requires services
		{764BEFCF-574A-41A6-A408-BA57CFCF1386} = {764BEFCF-574A-41A6-A408-BA57CFCF1386} #Updater requires installer
		{4362C36C-314C-46FB-96BC-77993820EE89} = {4362C36C-314C-46FB-96BC-77993820EE89} #Updater requires core
	EndProjectSection
EndProject
Global
	GlobalSection(SolutionConfigurationPlatforms) = preSolution
		Debug|Any CPU = Debug|Any CPU
		Debug|x64 = Debug|x64
		Debug|x86 = Debug|x86
		Release|Any CPU = Release|Any CPU
		Release|x64 = Release|x64
		Release|x86 = Release|x86
	EndGlobalSection
	GlobalSection(SolutionProperties) = preSolution
		HideSolutionNode = FALSE
	EndGlobalSection
	GlobalSection(ProjectConfigurationPlatforms) = postSolution
		{764BEFCF-574A-41A6-A408-BA57CFCF1386}.Debug|Any CPU.ActiveCfg = Debug|Any CPU
		{764BEFCF-574A-41A6-A408-BA57CFCF1386}.Debug|Any CPU.Build.0 = Debug|Any CPU
		{764BEFCF-574A-41A6-A408-BA57CFCF1386}.Debug|x64 CPU.ActiveCfg = Debug|Any CPU
		{764BEFCF-574A-41A6-A408-BA57CFCF1386}.Debug|x64 CPU.Build.0 = Debug|Any CPU
		{764BEFCF-574A-41A6-A408-BA57CFCF1386}.Debug|x86 CPU.ActiveCfg = Debug|Any CPU
		{764BEFCF-574A-41A6-A408-BA57CFCF1386}.Debug|x86 CPU.Build.0 = Debug|Any CPU
		{764BEFCF-574A-41A6-A408-BA57CFCF1386}.Release|Any CPU.ActiveCfg = Release|Any CPU
		{764BEFCF-574A-41A6-A408-BA57CFCF1386}.Release|Any CPU.Build.0 = Release|Any CPU
		{764BEFCF-574A-41A6-A408-BA57CFCF1386}.Release|x64 CPU.ActiveCfg = Release|Any CPU
		{764BEFCF-574A-41A6-A408-BA57CFCF1386}.Release|x64 CPU.Build.0 = Release|Any CPU
		{764BEFCF-574A-41A6-A408-BA57CFCF1386}.Release|x86 CPU.ActiveCfg = Release|Any CPU
		{764BEFCF-574A-41A6-A408-BA57CFCF1386}.Release|x86 CPU.Build.0 = Release|Any CPU
		{AE528F38-812D-4E9D-9E77-599AE094ACF8}.Debug|Any CPU.ActiveCfg = Debug|Any CPU
		{AE528F38-812D-4E9D-9E77-599AE094ACF8}.Debug|Any CPU.Build.0 = Debug|Any CPU
		{AE528F38-812D-4E9D-9E77-599AE094ACF8}.Debug|x64 CPU.ActiveCfg = Debug|Any CPU
		{AE528F38-812D-4E9D-9E77-599AE094ACF8}.Debug|x64 CPU.Build.0 = Debug|Any CPU
		{AE528F38-812D-4E9D-9E77-599AE094ACF8}.Debug|x86 CPU.ActiveCfg = Debug|Any CPU
		{AE528F38-812D-4E9D-9E77-599AE094ACF8}.Debug|x86 CPU.Build.0 = Debug|Any CPU
		{AE528F38-812D-4E9D-9E77-599AE094ACF8}.Release|Any CPU.ActiveCfg = Release|Any CPU
		{AE528F38-812D-4E9D-9E77-599AE094ACF8}.Release|Any CPU.Build.0 = Release|Any CPU
		{AE528F38-812D-4E9D-9E77-599AE094ACF8}.Release|x64 CPU.ActiveCfg = Release|Any CPU
		{AE528F38-812D-4E9D-9E77-599AE094ACF8}.Release|x64 CPU.Build.0 = Release|Any CPU
		{AE528F38-812D-4E9D-9E77-599AE094ACF8}.Release|x86 CPU.ActiveCfg = Release|Any CPU
		{AE528F38-812D-4E9D-9E77-599AE094ACF8}.Release|x86 CPU.Build.0 = Release|Any CPU
		{46D101AC-4DCB-41ED-96AD-BB672DF1DACB}.Debug|Any CPU.ActiveCfg = Debug|Any CPU
		{46D101AC-4DCB-41ED-96AD-BB672DF1DACB}.Debug|Any CPU.Build.0 = Debug|Any CPU
		{46D101AC-4DCB-41ED-96AD-BB672DF1DACB}.Debug|x64 CPU.ActiveCfg = Debug|Any CPU
		{46D101AC-4DCB-41ED-96AD-BB672DF1DACB}.Debug|x64 CPU.Build.0 = Debug|Any CPU
		{46D101AC-4DCB-41ED-96AD-BB672DF1DACB}.Debug|x86 CPU.ActiveCfg = Debug|Any CPU
		{46D101AC-4DCB-41ED-96AD-BB672DF1DACB}.Debug|x86 CPU.Build.0 = Debug|Any CPU
		{46D101AC-4DCB-41ED-96AD-BB672DF1DACB}.Release|Any CPU.ActiveCfg = Release|Any CPU
		{46D101AC-4DCB-41ED-96AD-BB672DF1DACB}.Release|Any CPU.Build.0 = Release|Any CPU
		{46D101AC-4DCB-41ED-96AD-BB672DF1DACB}.Release|x64 CPU.ActiveCfg = Release|Any CPU
		{46D101AC-4DCB-41ED-96AD-BB672DF1DACB}.Release|x64 CPU.Build.0 = Release|Any CPU
		{46D101AC-4DCB-41ED-96AD-BB672DF1DACB}.Release|x86 CPU.ActiveCfg = Release|Any CPU
		{46D101AC-4DCB-41ED-96AD-BB672DF1DACB}.Release|x86 CPU.Build.0 = Release|Any CPU
		{4362C36C-314C-46FB-96BC-77993820EE89}.Debug|Any CPU.ActiveCfg = Debug|Any CPU
		{4362C36C-314C-46FB-96BC-77993820EE89}.Debug|Any CPU.Build.0 = Debug|Any CPU
		{4362C36C-314C-46FB-96BC-77993820EE89}.Debug|x64 CPU.ActiveCfg = Debug|Any CPU
		{4362C36C-314C-46FB-96BC-77993820EE89}.Debug|x64 CPU.Build.0 = Debug|Any CPU
		{4362C36C-314C-46FB-96BC-77993820EE89}.Debug|x86 CPU.ActiveCfg = Debug|Any CPU
		{4362C36C-314C-46FB-96BC-77993820EE89}.Debug|x86 CPU.Build.0 = Debug|Any CPU
		{4362C36C-314C-46FB-96BC-77993820EE89}.Release|Any CPU.ActiveCfg = Release|Any CPU
		{4362C36C-314C-46FB-96BC-77993820EE89}.Release|Any CPU.Build.0 = Release|Any CPU
		{4362C36C-314C-46FB-96BC-77993820EE89}.Release|x64 CPU.ActiveCfg = Release|Any CPU
		{4362C36C-314C-46FB-96BC-77993820EE89}.Release|x64 CPU.Build.0 = Release|Any CPU
		{4362C36C-314C-46FB-96BC-77993820EE89}.Release|x86 CPU.ActiveCfg = Release|Any CPU
		{4362C36C-314C-46FB-96BC-77993820EE89}.Release|x86 CPU.Build.0 = Release|Any CPU
		{6949B736-0B02-4883-A533-FB6409CDAB3C}.Debug|Any CPU.ActiveCfg = Debug|Any CPU
		{6949B736-0B02-4883-A533-FB6409CDAB3C}.Debug|Any CPU.Build.0 = Debug|Any CPU
		{6949B736-0B02-4883-A533-FB6409CDAB3C}.Debug|x64 CPU.ActiveCfg = Debug|Any CPU
		{6949B736-0B02-4883-A533-FB6409CDAB3C}.Debug|x64 CPU.Build.0 = Debug|Any CPU
		{6949B736-0B02-4883-A533-FB6409CDAB3C}.Debug|x86 CPU.ActiveCfg = Debug|Any CPU
		{6949B736-0B02-4883-A533-FB6409CDAB3C}.Debug|x86 CPU.Build.0 = Debug|Any CPU
		{6949B736-0B02-4883-A533-FB6409CDAB3C}.Release|Any CPU.ActiveCfg = Release|Any CPU
		{6949B736-0B02-4883-A533-FB6409CDAB3C}.Release|Any CPU.Build.0 = Release|Any CPU
		{6949B736-0B02-4883-A533-FB6409CDAB3C}.Release|x64 CPU.ActiveCfg = Release|Any CPU
		{6949B736-0B02-4883-A533-FB6409CDAB3C}.Release|x64 CPU.Build.0 = Release|Any CPU
		{6949B736-0B02-4883-A533-FB6409CDAB3C}.Release|x86 CPU.ActiveCfg = Release|Any CPU
		{6949B736-0B02-4883-A533-FB6409CDAB3C}.Release|x86 CPU.Build.0 = Release|Any CPU
		{6EFC23A3-EB15-46E5-93D6-141A75787860}.Debug|Any CPU.ActiveCfg = Debug|Any CPU
		{6EFC23A3-EB15-46E5-93D6-141A75787860}.Debug|Any CPU.Build.0 = Debug|Any CPU
		{6EFC23A3-EB15-46E5-93D6-141A75787860}.Debug|x64 CPU.ActiveCfg = Debug|Any CPU
		{6EFC23A3-EB15-46E5-93D6-141A75787860}.Debug|x64 CPU.Build.0 = Debug|Any CPU
		{6EFC23A3-EB15-46E5-93D6-141A75787860}.Debug|x86 CPU.ActiveCfg = Debug|Any CPU
		{6EFC23A3-EB15-46E5-93D6-141A75787860}.Debug|x86 CPU.Build.0 = Debug|Any CPU
		{6EFC23A3-EB15-46E5-93D6-141A75787860}.Release|Any CPU.ActiveCfg = Release|Any CPU
		{6EFC23A3-EB15-46E5-93D6-141A75787860}.Release|Any CPU.Build.0 = Release|Any CPU
		{6EFC23A3-EB15-46E5-93D6-141A75787860}.Release|x64 CPU.ActiveCfg = Release|Any CPU
		{6EFC23A3-EB15-46E5-93D6-141A75787860}.Release|x64 CPU.Build.0 = Release|Any CPU
		{6EFC23A3-EB15-46E5-93D6-141A75787860}.Release|x86 CPU.ActiveCfg = Release|Any CPU
		{6EFC23A3-EB15-46E5-93D6-141A75787860}.Release|x86 CPU.Build.0 = Release|Any CPU
		{C06121E3-19F5-4A71-A26C-B4F4F3DEAA40}.Debug|Any CPU.ActiveCfg = Debug|Any CPU
		{C06121E3-19F5-4A71-A26C-B4F4F3DEAA40}.Debug|Any CPU.Build.0 = Debug|Any CPU
		{C06121E3-19F5-4A71-A26C-B4F4F3DEAA40}.Debug|x64 CPU.ActiveCfg = Debug|Any CPU
		{C06121E3-19F5-4A71-A26C-B4F4F3DEAA40}.Debug|x64 CPU.Build.0 = Debug|Any CPU
		{C06121E3-19F5-4A71-A26C-B4F4F3DEAA40}.Debug|x86 CPU.ActiveCfg = Debug|Any CPU
		{C06121E3-19F5-4A71-A26C-B4F4F3DEAA40}.Debug|x86 CPU.Build.0 = Debug|Any CPU
		{C06121E3-19F5-4A71-A26C-B4F4F3DEAA40}.Release|Any CPU.ActiveCfg = Release|Any CPU
		{C06121E3-19F5-4A71-A26C-B4F4F3DEAA40}.Release|Any CPU.Build.0 = Release|Any CPU
		{C06121E3-19F5-4A71-A26C-B4F4F3DEAA40}.Release|x64 CPU.ActiveCfg = Release|Any CPU
		{C06121E3-19F5-4A71-A26C-B4F4F3DEAA40}.Release|x64 CPU.Build.0 = Release|Any CPU
		{C06121E3-19F5-4A71-A26C-B4F4F3DEAA40}.Release|x86 CPU.ActiveCfg = Release|Any CPU
		{C06121E3-19F5-4A71-A26C-B4F4F3DEAA40}.Release|x86 CPU.Build.0 = Release|Any CPU
		{985A238F-99B9-4528-85E3-8C16F981DD40}.Debug|Any CPU.ActiveCfg = Debug|Any CPU
		{985A238F-99B9-4528-85E3-8C16F981DD40}.Debug|Any CPU.Build.0 = Debug|Any CPU
		{985A238F-99B9-4528-85E3-8C16F981DD40}.Debug|x64 CPU.ActiveCfg = Debug|Any CPU
		{985A238F-99B9-4528-85E3-8C16F981DD40}.Debug|x64 CPU.Build.0 = Debug|Any CPU
		{985A238F-99B9-4528-85E3-8C16F981DD40}.Debug|x86 CPU.ActiveCfg = Debug|Any CPU
		{985A238F-99B9-4528-85E3-8C16F981DD40}.Debug|x86 CPU.Build.0 = Debug|Any CPU
		{985A238F-99B9-4528-85E3-8C16F981DD40}.Release|Any CPU.ActiveCfg = Release|Any CPU
		{985A238F-99B9-4528-85E3-8C16F981DD40}.Release|Any CPU.Build.0 = Release|Any CPU
		{985A238F-99B9-4528-85E3-8C16F981DD40}.Release|x64 CPU.ActiveCfg = Release|Any CPU
		{985A238F-99B9-4528-85E3-8C16F981DD40}.Release|x64 CPU.Build.0 = Release|Any CPU
		{985A238F-99B9-4528-85E3-8C16F981DD40}.Release|x86 CPU.ActiveCfg = Release|Any CPU
		{985A238F-99B9-4528-85E3-8C16F981DD40}.Release|x86 CPU.Build.0 = Release|Any CPU
		{92B3ED5B-4E91-455F-BE5D-BAE2F2BD771C}.Debug|Any CPU.ActiveCfg = Debug|Any CPU
		{92B3ED5B-4E91-455F-BE5D-BAE2F2BD771C}.Debug|Any CPU.Build.0 = Debug|Any CPU
		{92B3ED5B-4E91-455F-BE5D-BAE2F2BD771C}.Debug|x64 CPU.ActiveCfg = Debug|Any CPU
		{92B3ED5B-4E91-455F-BE5D-BAE2F2BD771C}.Debug|x64 CPU.Build.0 = Debug|Any CPU
		{92B3ED5B-4E91-455F-BE5D-BAE2F2BD771C}.Debug|x86 CPU.ActiveCfg = Debug|Any CPU
		{92B3ED5B-4E91-455F-BE5D-BAE2F2BD771C}.Debug|x86 CPU.Build.0 = Debug|Any CPU
		{92B3ED5B-4E91-455F-BE5D-BAE2F2BD771C}.Release|Any CPU.ActiveCfg = Release|Any CPU
		{92B3ED5B-4E91-455F-BE5D-BAE2F2BD771C}.Release|Any CPU.Build.0 = Release|Any CPU
		{92B3ED5B-4E91-455F-BE5D-BAE2F2BD771C}.Release|x64 CPU.ActiveCfg = Release|Any CPU
		{92B3ED5B-4E91-455F-BE5D-BAE2F2BD771C}.Release|x64 CPU.Build.0 = Release|Any CPU
		{92B3ED5B-4E91-455F-BE5D-BAE2F2BD771C}.Release|x86 CPU.ActiveCfg = Release|Any CPU
		{92B3ED5B-4E91-455F-BE5D-BAE2F2BD771C}.Release|x86 CPU.Build.0 = Release|Any CPU
		{C0D87CE1-7528-416D-9921-05C0464831C3}.Debug|Any CPU.ActiveCfg = Debug|Any CPU
		{C0D87CE1-7528-416D-9921-05C0464831C3}.Debug|Any CPU.Build.0 = Debug|Any CPU
		{C0D87CE1-7528-416D-9921-05C0464831C3}.Debug|x64 CPU.ActiveCfg = Debug|Any CPU
		{C0D87CE1-7528-416D-9921-05C0464831C3}.Debug|x64 CPU.Build.0 = Debug|Any CPU
		{C0D87CE1-7528-416D-9921-05C0464831C3}.Debug|x86 CPU.ActiveCfg = Debug|Any CPU
		{C0D87CE1-7528-416D-9921-05C0464831C3}.Debug|x86 CPU.Build.0 = Debug|Any CPU
		{C0D87CE1-7528-416D-9921-05C0464831C3}.Release|Any CPU.ActiveCfg = Release|Any CPU
		{C0D87CE1-7528-416D-9921-05C0464831C3}.Release|Any CPU.Build.0 = Release|Any CPU
		{C0D87CE1-7528-416D-9921-05C0464831C3}.Release|x64 CPU.ActiveCfg = Release|Any CPU
		{C0D87CE1-7528-416D-9921-05C0464831C3}.Release|x64 CPU.Build.0 = Release|Any CPU
		{C0D87CE1-7528-416D-9921-05C0464831C3}.Release|x86 CPU.ActiveCfg = Release|Any CPU
		{C0D87CE1-7528-416D-9921-05C0464831C3}.Release|x86 CPU.Build.0 = Release|Any CPU
		{7B526882-707A-4681-A600-6BEAD879271C}.Debug|Any CPU.ActiveCfg = Debug|Any CPU
		{7B526882-707A-4681-A600-6BEAD879271C}.Debug|Any CPU.Build.0 = Debug|Any CPU
		{7B526882-707A-4681-A600-6BEAD879271C}.Debug|x64 CPU.ActiveCfg = Debug|Any CPU
		{7B526882-707A-4681-A600-6BEAD879271C}.Debug|x64 CPU.Build.0 = Debug|Any CPU
		{7B526882-707A-4681-A600-6BEAD879271C}.Debug|x86 CPU.ActiveCfg = Debug|Any CPU
		{7B526882-707A-4681-A600-6BEAD879271C}.Debug|x86 CPU.Build.0 = Debug|Any CPU
		{7B526882-707A-4681-A600-6BEAD879271C}.Release|Any CPU.ActiveCfg = Release|Any CPU
		{7B526882-707A-4681-A600-6BEAD879271C}.Release|Any CPU.Build.0 = Release|Any CPU
		{7B526882-707A-4681-A600-6BEAD879271C}.Release|x64 CPU.ActiveCfg = Release|Any CPU
		{7B526882-707A-4681-A600-6BEAD879271C}.Release|x64 CPU.Build.0 = Release|Any CPU
		{7B526882-707A-4681-A600-6BEAD879271C}.Release|x86 CPU.ActiveCfg = Release|Any CPU
		{7B526882-707A-4681-A600-6BEAD879271C}.Release|x86 CPU.Build.0 = Release|Any CPU
		{B7D55900-055B-4A7F-8AAC-570F97F8C47F}.Debug|Any CPU.ActiveCfg = Debug|Any CPU
		{B7D55900-055B-4A7F-8AAC-570F97F8C47F}.Debug|Any CPU.Build.0 = Debug|Any CPU
		{B7D55900-055B-4A7F-8AAC-570F97F8C47F}.Debug|x64 CPU.ActiveCfg = Debug|Any CPU
		{B7D55900-055B-4A7F-8AAC-570F97F8C47F}.Debug|x64 CPU.Build.0 = Debug|Any CPU
		{B7D55900-055B-4A7F-8AAC-570F97F8C47F}.Debug|x86 CPU.ActiveCfg = Debug|Any CPU
		{B7D55900-055B-4A7F-8AAC-570F97F8C47F}.Debug|x86 CPU.Build.0 = Debug|Any CPU
		{B7D55900-055B-4A7F-8AAC-570F97F8C47F}.Release|Any CPU.ActiveCfg = Release|Any CPU
		{B7D55900-055B-4A7F-8AAC-570F97F8C47F}.Release|Any CPU.Build.0 = Release|Any CPU
		{B7D55900-055B-4A7F-8AAC-570F97F8C47F}.Release|x64 CPU.ActiveCfg = Release|Any CPU
		{B7D55900-055B-4A7F-8AAC-570F97F8C47F}.Release|x64 CPU.Build.0 = Release|Any CPU
		{B7D55900-055B-4A7F-8AAC-570F97F8C47F}.Release|x86 CPU.ActiveCfg = Release|Any CPU
		{B7D55900-055B-4A7F-8AAC-570F97F8C47F}.Release|x86 CPU.Build.0 = Release|Any CPU
		{3BE27B72-FFBD-4381-A4D0-82F9665EEEDC}.Debug|Any CPU.ActiveCfg = Debug|Any CPU
		{3BE27B72-FFBD-4381-A4D0-82F9665EEEDC}.Debug|Any CPU.Build.0 = Debug|Any CPU
		{3BE27B72-FFBD-4381-A4D0-82F9665EEEDC}.Debug|x64 CPU.ActiveCfg = Debug|Any CPU
		{3BE27B72-FFBD-4381-A4D0-82F9665EEEDC}.Debug|x64 CPU.Build.0 = Debug|Any CPU
		{3BE27B72-FFBD-4381-A4D0-82F9665EEEDC}.Debug|x86 CPU.ActiveCfg = Debug|Any CPU
		{3BE27B72-FFBD-4381-A4D0-82F9665EEEDC}.Debug|x86 CPU.Build.0 = Debug|Any CPU
		{3BE27B72-FFBD-4381-A4D0-82F9665EEEDC}.Release|Any CPU.ActiveCfg = Release|Any CPU
		{3BE27B72-FFBD-4381-A4D0-82F9665EEEDC}.Release|Any CPU.Build.0 = Release|Any CPU
		{3BE27B72-FFBD-4381-A4D0-82F9665EEEDC}.Release|x64 CPU.ActiveCfg = Release|Any CPU
		{3BE27B72-FFBD-4381-A4D0-82F9665EEEDC}.Release|x64 CPU.Build.0 = Release|Any CPU
		{3BE27B72-FFBD-4381-A4D0-82F9665EEEDC}.Release|x86 CPU.ActiveCfg = Release|Any CPU
		{3BE27B72-FFBD-4381-A4D0-82F9665EEEDC}.Release|x86 CPU.Build.0 = Release|Any CPU
		{79FB7A1F-744F-4448-9480-C81279BD8FFB}.Debug|Any CPU.ActiveCfg = Debug|Any CPU
		{79FB7A1F-744F-4448-9480-C81279BD8FFB}.Debug|Any CPU.Build.0 = Debug|Any CPU
		{79FB7A1F-744F-4448-9480-C81279BD8FFB}.Debug|x64 CPU.ActiveCfg = Debug|Any CPU
		{79FB7A1F-744F-4448-9480-C81279BD8FFB}.Debug|x64 CPU.Build.0 = Debug|Any CPU
		{79FB7A1F-744F-4448-9480-C81279BD8FFB}.Debug|x86 CPU.ActiveCfg = Debug|Any CPU
		{79FB7A1F-744F-4448-9480-C81279BD8FFB}.Debug|x86 CPU.Build.0 = Debug|Any CPU
		{79FB7A1F-744F-4448-9480-C81279BD8FFB}.Release|Any CPU.ActiveCfg = Release|Any CPU
		{79FB7A1F-744F-4448-9480-C81279BD8FFB}.Release|Any CPU.Build.0 = Release|Any CPU
		{79FB7A1F-744F-4448-9480-C81279BD8FFB}.Release|x64 CPU.ActiveCfg = Release|Any CPU
		{79FB7A1F-744F-4448-9480-C81279BD8FFB}.Release|x64 CPU.Build.0 = Release|Any CPU
		{79FB7A1F-744F-4448-9480-C81279BD8FFB}.Release|x86 CPU.ActiveCfg = Release|Any CPU
		{79FB7A1F-744F-4448-9480-C81279BD8FFB}.Release|x86 CPU.Build.0 = Release|Any CPU
	EndGlobalSection
EndGlobal
